
Microsoft Visual Studio Solution File, Format Version 12.00
# Visual Studio Version 17
VisualStudioVersion = 17.7.34024.191
MinimumVisualStudioVersion = 10.0.40219.1
Project("{FAE04EC0-301F-11D3-BF4B-00C04F79EFBC}") = "Lab3_D.T_1336423", "Lab3_D.T_1336423\Lab3_D.T_1336423.csproj", "{966628D4-382E-4BD6-9B11-7C6DB915C419}"
EndProject
Global
	GlobalSection(SolutionConfigurationPlatforms) = preSolution
		Debug|Any CPU = Debug|Any CPU
		Release|Any CPU = Release|Any CPU
	EndGlobalSection
	GlobalSection(ProjectConfigurationPlatforms) = postSolution
		{966628D4-382E-4BD6-9B11-7C6DB915C419}.Debug|Any CPU.ActiveCfg = Debug|Any CPU
		{966628D4-382E-4BD6-9B11-7C6DB915C419}.Debug|Any CPU.Build.0 = Debug|Any CPU
		{966628D4-382E-4BD6-9B11-7C6DB915C419}.Release|Any CPU.ActiveCfg = Release|Any CPU
		{966628D4-382E-4BD6-9B11-7C6DB915C419}.Release|Any CPU.Build.0 = Release|Any CPU
	EndGlobalSection
	GlobalSection(SolutionProperties) = preSolution
		HideSolutionNode = FALSE
	EndGlobalSection
	GlobalSection(ExtensibilityGlobals) = postSolution
		SolutionGuid = {54721DEE-F4D5-48CD-83D1-7F72481FADB3}
	EndGlobalSection
EndGlobal
