
Microsoft Visual Studio Solution File, Format Version 12.00
# Visual Studio Version 17
VisualStudioVersion = 17.7.34024.191
MinimumVisualStudioVersion = 10.0.40219.1
Project("{FAE04EC0-301F-11D3-BF4B-00C04F79EFBC}") = "L4_D.E.T. U_1336423", "L4_D.E.T. U_1336423\L4_D.E.T. U_1336423.csproj", "{861F0828-9388-4527-94AA-440478C05B00}"
EndProject
Global
	GlobalSection(SolutionConfigurationPlatforms) = preSolution
		Debug|Any CPU = Debug|Any CPU
		Release|Any CPU = Release|Any CPU
	EndGlobalSection
	GlobalSection(ProjectConfigurationPlatforms) = postSolution
		{861F0828-9388-4527-94AA-440478C05B00}.Debug|Any CPU.ActiveCfg = Debug|Any CPU
		{861F0828-9388-4527-94AA-440478C05B00}.Debug|Any CPU.Build.0 = Debug|Any CPU
		{861F0828-9388-4527-94AA-440478C05B00}.Release|Any CPU.ActiveCfg = Release|Any CPU
		{861F0828-9388-4527-94AA-440478C05B00}.Release|Any CPU.Build.0 = Release|Any CPU
	EndGlobalSection
	GlobalSection(SolutionProperties) = preSolution
		HideSolutionNode = FALSE
	EndGlobalSection
	GlobalSection(ExtensibilityGlobals) = postSolution
		SolutionGuid = {D6EDF66C-548E-43EB-8784-33A1498A23CD}
	EndGlobalSection
EndGlobal
