
Microsoft Visual Studio Solution File, Format Version 12.00
# Visual Studio Version 17
VisualStudioVersion = 17.7.34024.191
MinimumVisualStudioVersion = 10.0.40219.1
Project("{FAE04EC0-301F-11D3-BF4B-00C04F79EFBC}") = "L5 2+D.E.T.U+1336423", "L5 2+D.E.T.U+1336423.\L5 2+D.E.T.U+1336423.csproj", "{84CC5E65-94C1-474E-A85A-23D70BACBC20}"
EndProject
Global
	GlobalSection(SolutionConfigurationPlatforms) = preSolution
		Debug|Any CPU = Debug|Any CPU
		Release|Any CPU = Release|Any CPU
	EndGlobalSection
	GlobalSection(ProjectConfigurationPlatforms) = postSolution
		{84CC5E65-94C1-474E-A85A-23D70BACBC20}.Debug|Any CPU.ActiveCfg = Debug|Any CPU
		{84CC5E65-94C1-474E-A85A-23D70BACBC20}.Debug|Any CPU.Build.0 = Debug|Any CPU
		{84CC5E65-94C1-474E-A85A-23D70BACBC20}.Release|Any CPU.ActiveCfg = Release|Any CPU
		{84CC5E65-94C1-474E-A85A-23D70BACBC20}.Release|Any CPU.Build.0 = Release|Any CPU
	EndGlobalSection
	GlobalSection(SolutionProperties) = preSolution
		HideSolutionNode = FALSE
	EndGlobalSection
	GlobalSection(ExtensibilityGlobals) = postSolution
		SolutionGuid = {2960EDE1-DCB1-4F2D-8CA5-6E4A24608A35}
	EndGlobalSection
EndGlobal
